
Microsoft Visual Studio Solution File, Format Version 12.00
# Visual Studio 14
VisualStudioVersion = 14.0.25123.0
MinimumVisualStudioVersion = 10.0.40219.1
Project("{FAE04EC0-301F-11D3-BF4B-00C04F79EFBC}") = "Avanade.Crm2016.ConsoleApplication", "Avanade.Crm2016.ConsoleApplication\Avanade.Crm2016.ConsoleApplication.csproj", "{6824A2F0-871A-439F-9815-9CD14E24533B}"
EndProject
Global
	GlobalSection(SolutionConfigurationPlatforms) = preSolution
		Debug|Any CPU = Debug|Any CPU
		Release|Any CPU = Release|Any CPU
	EndGlobalSection
	GlobalSection(ProjectConfigurationPlatforms) = postSolution
		{6824A2F0-871A-439F-9815-9CD14E24533B}.Debug|Any CPU.ActiveCfg = Debug|Any CPU
		{6824A2F0-871A-439F-9815-9CD14E24533B}.Debug|Any CPU.Build.0 = Debug|Any CPU
		{6824A2F0-871A-439F-9815-9CD14E24533B}.Release|Any CPU.ActiveCfg = Release|Any CPU
		{6824A2F0-871A-439F-9815-9CD14E24533B}.Release|Any CPU.Build.0 = Release|Any CPU
	EndGlobalSection
	GlobalSection(SolutionProperties) = preSolution
		HideSolutionNode = FALSE
	EndGlobalSection
EndGlobal
